
Microsoft Visual Studio Solution File, Format Version 12.00
# Visual Studio Version 16
VisualStudioVersion = 16.0.29424.173
MinimumVisualStudioVersion = 10.0.40219.1
Project("{F2A71F9B-5D33-465A-A702-920D77279786}") = "Sport_store", "Sport_store\Sport_store.fsproj", "{F79F218E-9A7E-4E9A-A756-C7E8AEFF39ED}"
EndProject
Global
	GlobalSection(SolutionConfigurationPlatforms) = preSolution
		Debug|Any CPU = Debug|Any CPU
		Release|Any CPU = Release|Any CPU
	EndGlobalSection
	GlobalSection(ProjectConfigurationPlatforms) = postSolution
		{F79F218E-9A7E-4E9A-A756-C7E8AEFF39ED}.Debug|Any CPU.ActiveCfg = Debug|Any CPU
		{F79F218E-9A7E-4E9A-A756-C7E8AEFF39ED}.Debug|Any CPU.Build.0 = Debug|Any CPU
		{F79F218E-9A7E-4E9A-A756-C7E8AEFF39ED}.Release|Any CPU.ActiveCfg = Release|Any CPU
		{F79F218E-9A7E-4E9A-A756-C7E8AEFF39ED}.Release|Any CPU.Build.0 = Release|Any CPU
	EndGlobalSection
	GlobalSection(SolutionProperties) = preSolution
		HideSolutionNode = FALSE
	EndGlobalSection
	GlobalSection(ExtensibilityGlobals) = postSolution
		SolutionGuid = {5C73C395-01A9-4919-A30B-5258C0F2CA8A}
	EndGlobalSection
EndGlobal
