
Microsoft Visual Studio Solution File, Format Version 12.00
# Visual Studio Version 16
VisualStudioVersion = 16.0.29424.173
MinimumVisualStudioVersion = 10.0.40219.1
Project("{FAE04EC0-301F-11D3-BF4B-00C04F79EFBC}") = "SportStore", "SportStore\SportStore.csproj", "{D02FD1AA-5630-4398-B33A-4B41751DC69C}"
EndProject
Global
	GlobalSection(SolutionConfigurationPlatforms) = preSolution
		Debug|Any CPU = Debug|Any CPU
		Release|Any CPU = Release|Any CPU
	EndGlobalSection
	GlobalSection(ProjectConfigurationPlatforms) = postSolution
		{D02FD1AA-5630-4398-B33A-4B41751DC69C}.Debug|Any CPU.ActiveCfg = Debug|Any CPU
		{D02FD1AA-5630-4398-B33A-4B41751DC69C}.Debug|Any CPU.Build.0 = Debug|Any CPU
		{D02FD1AA-5630-4398-B33A-4B41751DC69C}.Release|Any CPU.ActiveCfg = Release|Any CPU
		{D02FD1AA-5630-4398-B33A-4B41751DC69C}.Release|Any CPU.Build.0 = Release|Any CPU
	EndGlobalSection
	GlobalSection(SolutionProperties) = preSolution
		HideSolutionNode = FALSE
	EndGlobalSection
	GlobalSection(ExtensibilityGlobals) = postSolution
		SolutionGuid = {2A1C9369-2930-4502-8653-09C3FEEED91F}
	EndGlobalSection
EndGlobal
